// !$*UTF8*$!
{
	archiveVersion = 1;
	classes = {
	};
	objectVersion = 50;
	objects = {

/* Begin PBXBuildFile section */
		3C71FC2620A7276500C7D0B2 /* AppDelegate.swift in Sources */ = {isa = PBXBuildFile; fileRef = 3C71FC2520A7276500C7D0B2 /* AppDelegate.swift */; };
		3C71FC2820A7276500C7D0B2 /* ViewController.swift in Sources */ = {isa = PBXBuildFile; fileRef = 3C71FC2720A7276500C7D0B2 /* ViewController.swift */; };
		3C71FC2B20A7276500C7D0B2 /* Main.storyboard in Resources */ = {isa = PBXBuildFile; fileRef = 3C71FC2920A7276500C7D0B2 /* Main.storyboard */; };
		3C71FC3020A7277200C7D0B2 /* Assets.xcassets in Resources */ = {isa = PBXBuildFile; fileRef = 3C71FC2F20A7277200C7D0B2 /* Assets.xcassets */; };
		3C71FC3320A7277200C7D0B2 /* LaunchScreen.storyboard in Resources */ = {isa = PBXBuildFile; fileRef = 3C71FC3120A7277200C7D0B2 /* LaunchScreen.storyboard */; };
		3C71FC3F20A728A000C7D0B2 /* Constants.swift in Sources */ = {isa = PBXBuildFile; fileRef = 3C71FC3E20A728A000C7D0B2 /* Constants.swift */; };
		3C71FC4120A73BDE00C7D0B2 /* NetworkService.swift in Sources */ = {isa = PBXBuildFile; fileRef = 3C71FC4020A73BDE00C7D0B2 /* NetworkService.swift */; };
		3CC8A70620BC4D0F00C0807D /* ImageModel.swift in Sources */ = {isa = PBXBuildFile; fileRef = 3CC8A70520BC4D0F00C0807D /* ImageModel.swift */; };
/* End PBXBuildFile section */

/* Begin PBXFileReference section */
		3C71FC2220A7276500C7D0B2 /* Movies.app */ = {isa = PBXFileReference; explicitFileType = wrapper.application; includeInIndex = 0; path = Movies.app; sourceTree = BUILT_PRODUCTS_DIR; };
		3C71FC2520A7276500C7D0B2 /* AppDelegate.swift */ = {isa = PBXFileReference; lastKnownFileType = sourcecode.swift; path = AppDelegate.swift; sourceTree = "<group>"; };
		3C71FC2720A7276500C7D0B2 /* ViewController.swift */ = {isa = PBXFileReference; lastKnownFileType = sourcecode.swift; path = ViewController.swift; sourceTree = "<group>"; };
		3C71FC2A20A7276500C7D0B2 /* Base */ = {isa = PBXFileReference; lastKnownFileType = file.storyboard; name = Base; path = Base.lproj/Main.storyboard; sourceTree = "<group>"; };
		3C71FC2F20A7277200C7D0B2 /* Assets.xcassets */ = {isa = PBXFileReference; lastKnownFileType = folder.assetcatalog; path = Assets.xcassets; sourceTree = "<group>"; };
		3C71FC3220A7277200C7D0B2 /* Base */ = {isa = PBXFileReference; lastKnownFileType = file.storyboard; name = Base; path = Base.lproj/LaunchScreen.storyboard; sourceTree = "<group>"; };
		3C71FC3420A7277200C7D0B2 /* Info.plist */ = {isa = PBXFileReference; lastKnownFileType = text.plist.xml; path = Info.plist; sourceTree = "<group>"; };
		3C71FC3E20A728A000C7D0B2 /* Constants.swift */ = {isa = PBXFileReference; lastKnownFileType = sourcecode.swift; path = Constants.swift; sourceTree = "<group>"; };
		3C71FC4020A73BDE00C7D0B2 /* NetworkService.swift */ = {isa = PBXFileReference; lastKnownFileType = sourcecode.swift; path = NetworkService.swift; sourceTree = "<group>"; };
		3CC8A70520BC4D0F00C0807D /* ImageModel.swift */ = {isa = PBXFileReference; lastKnownFileType = sourcecode.swift; path = ImageModel.swift; sourceTree = "<group>"; };
/* End PBXFileReference section */

/* Begin PBXFrameworksBuildPhase section */
		3C71FC1F20A7276500C7D0B2 /* Frameworks */ = {
			isa = PBXFrameworksBuildPhase;
			buildActionMask = 2147483647;
			files = (
			);
			runOnlyForDeploymentPostprocessing = 0;
		};
/* End PBXFrameworksBuildPhase section */

/* Begin PBXGroup section */
		3C71FC1920A7276500C7D0B2 = {
			isa = PBXGroup;
			children = (
				3C71FC2420A7276500C7D0B2 /* Movies */,
				3C71FC2320A7276500C7D0B2 /* Products */,
			);
			sourceTree = "<group>";
		};
		3C71FC2320A7276500C7D0B2 /* Products */ = {
			isa = PBXGroup;
			children = (
				3C71FC2220A7276500C7D0B2 /* Movies.app */,
			);
			name = Products;
			sourceTree = "<group>";
		};
		3C71FC2420A7276500C7D0B2 /* Movies */ = {
			isa = PBXGroup;
			children = (
				3C71FC3A20A727B500C7D0B2 /* Works */,
				3C71FC3D20A7281B00C7D0B2 /* Controllers */,
				3C71FC3C20A7281000C7D0B2 /* Models */,
				3C71FC3B20A7280600C7D0B2 /* Views */,
				3C71FC2920A7276500C7D0B2 /* Main.storyboard */,
				3C71FC3120A7277200C7D0B2 /* LaunchScreen.storyboard */,
				3C71FC3420A7277200C7D0B2 /* Info.plist */,
			);
			path = Movies;
			sourceTree = "<group>";
		};
		3C71FC3A20A727B500C7D0B2 /* Works */ = {
			isa = PBXGroup;
			children = (
				3C71FC2520A7276500C7D0B2 /* AppDelegate.swift */,
				3C71FC2F20A7277200C7D0B2 /* Assets.xcassets */,
				3C71FC3E20A728A000C7D0B2 /* Constants.swift */,
			);
			path = Works;
			sourceTree = "<group>";
		};
		3C71FC3B20A7280600C7D0B2 /* Views */ = {
			isa = PBXGroup;
			children = (
			);
			path = Views;
			sourceTree = "<group>";
		};
		3C71FC3C20A7281000C7D0B2 /* Models */ = {
			isa = PBXGroup;
			children = (
				3C71FC4020A73BDE00C7D0B2 /* NetworkService.swift */,
				3CC8A70520BC4D0F00C0807D /* ImageModel.swift */,
			);
			path = Models;
			sourceTree = "<group>";
		};
		3C71FC3D20A7281B00C7D0B2 /* Controllers */ = {
			isa = PBXGroup;
			children = (
				3C71FC2720A7276500C7D0B2 /* ViewController.swift */,
			);
			path = Controllers;
			sourceTree = "<group>";
		};
/* End PBXGroup section */

/* Begin PBXNativeTarget section */
		3C71FC2120A7276500C7D0B2 /* Movies */ = {
			isa = PBXNativeTarget;
			buildConfigurationList = 3C71FC3720A7277200C7D0B2 /* Build configuration list for PBXNativeTarget "Movies" */;
			buildPhases = (
				3C71FC1E20A7276500C7D0B2 /* Sources */,
				3C71FC1F20A7276500C7D0B2 /* Frameworks */,
				3C71FC2020A7276500C7D0B2 /* Resources */,
			);
			buildRules = (
			);
			dependencies = (
			);
			name = Movies;
			productName = Movies;
			productReference = 3C71FC2220A7276500C7D0B2 /* Movies.app */;
			productType = "com.apple.product-type.application";
		};
/* End PBXNativeTarget section */

/* Begin PBXProject section */
		3C71FC1A20A7276500C7D0B2 /* Project object */ = {
			isa = PBXProject;
			attributes = {
				LastSwiftUpdateCheck = 0930;
				LastUpgradeCheck = 0930;
				ORGANIZATIONNAME = vika;
				TargetAttributes = {
					3C71FC2120A7276500C7D0B2 = {
						CreatedOnToolsVersion = 9.3;
					};
				};
			};
			buildConfigurationList = 3C71FC1D20A7276500C7D0B2 /* Build configuration list for PBXProject "Movies" */;
			compatibilityVersion = "Xcode 9.3";
			developmentRegion = en;
			hasScannedForEncodings = 0;
			knownRegions = (
				en,
				Base,
			);
			mainGroup = 3C71FC1920A7276500C7D0B2;
			productRefGroup = 3C71FC2320A7276500C7D0B2 /* Products */;
			projectDirPath = "";
			projectRoot = "";
			targets = (
				3C71FC2120A7276500C7D0B2 /* Movies */,
			);
		};
/* End PBXProject section */

/* Begin PBXResourcesBuildPhase section */
		3C71FC2020A7276500C7D0B2 /* Resources */ = {
			isa = PBXResourcesBuildPhase;
			buildActionMask = 2147483647;
			files = (
				3C71FC3320A7277200C7D0B2 /* LaunchScreen.storyboard in Resources */,
				3C71FC3020A7277200C7D0B2 /* Assets.xcassets in Resources */,
				3C71FC2B20A7276500C7D0B2 /* Main.storyboard in Resources */,
			);
			runOnlyForDeploymentPostprocessing = 0;
		};
/* End PBXResourcesBuildPhase section */

/* Begin PBXSourcesBuildPhase section */
		3C71FC1E20A7276500C7D0B2 /* Sources */ = {
			isa = PBXSourcesBuildPhase;
			buildActionMask = 2147483647;
			files = (
				3C71FC2820A7276500C7D0B2 /* ViewController.swift in Sources */,
				3CC8A70620BC4D0F00C0807D /* ImageModel.swift in Sources */,
				3C71FC2620A7276500C7D0B2 /* AppDelegate.swift in Sources */,
				3C71FC4120A73BDE00C7D0B2 /* NetworkService.swift in Sources */,
				3C71FC3F20A728A000C7D0B2 /* Constants.swift in Sources */,
			);
			runOnlyForDeploymentPostprocessing = 0;
		};
/* End PBXSourcesBuildPhase section */

/* Begin PBXVariantGroup section */
		3C71FC2920A7276500C7D0B2 /* Main.storyboard */ = {
			isa = PBXVariantGroup;
			children = (
				3C71FC2A20A7276500C7D0B2 /* Base */,
			);
			name = Main.storyboard;
			sourceTree = "<group>";
		};
		3C71FC3120A7277200C7D0B2 /* LaunchScreen.storyboard */ = {
			isa = PBXVariantGroup;
			children = (
				3C71FC3220A7277200C7D0B2 /* Base */,
			);
			name = LaunchScreen.storyboard;
			sourceTree = "<group>";
		};
/* End PBXVariantGroup section */

/* Begin XCBuildConfiguration section */
		3C71FC3520A7277200C7D0B2 /* Debug */ = {
			isa = XCBuildConfiguration;
			buildSettings = {
				ALWAYS_SEARCH_USER_PATHS = NO;
				CLANG_ANALYZER_NONNULL = YES;
				CLANG_ANALYZER_NUMBER_OBJECT_CONVERSION = YES_AGGRESSIVE;
				CLANG_CXX_LANGUAGE_STANDARD = "gnu++14";
				CLANG_CXX_LIBRARY = "libc++";
				CLANG_ENABLE_MODULES = YES;
				CLANG_ENABLE_OBJC_ARC = YES;
				CLANG_ENABLE_OBJC_WEAK = YES;
				CLANG_WARN_BLOCK_CAPTURE_AUTORELEASING = YES;
				CLANG_WARN_BOOL_CONVERSION = YES;
				CLANG_WARN_COMMA = YES;
				CLANG_WARN_CONSTANT_CONVERSION = YES;
				CLANG_WARN_DEPRECATED_OBJC_IMPLEMENTATIONS = YES;
				CLANG_WARN_DIRECT_OBJC_ISA_USAGE = YES_ERROR;
				CLANG_WARN_DOCUMENTATION_COMMENTS = YES;
				CLANG_WARN_EMPTY_BODY = YES;
				CLANG_WARN_ENUM_CONVERSION = YES;
				CLANG_WARN_INFINITE_RECURSION = YES;
				CLANG_WARN_INT_CONVERSION = YES;
				CLANG_WARN_NON_LITERAL_NULL_CONVERSION = YES;
				CLANG_WARN_OBJC_IMPLICIT_RETAIN_SELF = YES;
				CLANG_WARN_OBJC_LITERAL_CONVERSION = YES;
				CLANG_WARN_OBJC_ROOT_CLASS = YES_ERROR;
				CLANG_WARN_RANGE_LOOP_ANALYSIS = YES;
				CLANG_WARN_STRICT_PROTOTYPES = YES;
				CLANG_WARN_SUSPICIOUS_MOVE = YES;
				CLANG_WARN_UNGUARDED_AVAILABILITY = YES_AGGRESSIVE;
				CLANG_WARN_UNREACHABLE_CODE = YES;
				CLANG_WARN__DUPLICATE_METHOD_MATCH = YES;
				CODE_SIGN_IDENTITY = "iPhone Developer";
				COPY_PHASE_STRIP = NO;
				DEBUG_INFORMATION_FORMAT = dwarf;
				ENABLE_STRICT_OBJC_MSGSEND = YES;
				ENABLE_TESTABILITY = YES;
				GCC_C_LANGUAGE_STANDARD = gnu11;
				GCC_DYNAMIC_NO_PIC = NO;
				GCC_NO_COMMON_BLOCKS = YES;
				GCC_OPTIMIZATION_LEVEL = 0;
				GCC_PREPROCESSOR_DEFINITIONS = (
					"DEBUG=1",
					"$(inherited)",
				);
				GCC_WARN_64_TO_32_BIT_CONVERSION = YES;
				GCC_WARN_ABOUT_RETURN_TYPE = YES_ERROR;
				GCC_WARN_UNDECLARED_SELECTOR = YES;
				GCC_WARN_UNINITIALIZED_AUTOS = YES_AGGRESSIVE;
				GCC_WARN_UNUSED_FUNCTION = YES;
				GCC_WARN_UNUSED_VARIABLE = YES;
				IPHONEOS_DEPLOYMENT_TARGET = 11.3;
				MTL_ENABLE_DEBUG_INFO = YES;
				ONLY_ACTIVE_ARCH = YES;
				SDKROOT = iphoneos;
				SWIFT_ACTIVE_COMPILATION_CONDITIONS = DEBUG;
				SWIFT_OPTIMIZATION_LEVEL = "-Onone";
			};
			name = Debug;
		};
		3C71FC3620A7277200C7D0B2 /* Release */ = {
			isa = XCBuildConfiguration;
			buildSettings = {
				ALWAYS_SEARCH_USER_PATHS = NO;
				CLANG_ANALYZER_NONNULL = YES;
				CLANG_ANALYZER_NUMBER_OBJECT_CONVERSION = YES_AGGRESSIVE;
				CLANG_CXX_LANGUAGE_STANDARD = "gnu++14";
				CLANG_CXX_LIBRARY = "libc++";
				CLANG_ENABLE_MODULES = YES;
				CLANG_ENABLE_OBJC_ARC = YES;
				CLANG_ENABLE_OBJC_WEAK = YES;
				CLANG_WARN_BLOCK_CAPTURE_AUTORELEASING = YES;
				CLANG_WARN_BOOL_CONVERSION = YES;
				CLANG_WARN_COMMA = YES;
				CLANG_WARN_CONSTANT_CONVERSION = YES;
				CLANG_WARN_DEPRECATED_OBJC_IMPLEMENTATIONS = YES;
				CLANG_WARN_DIRECT_OBJC_ISA_USAGE = YES_ERROR;
				CLANG_WARN_DOCUMENTATION_COMMENTS = YES;
				CLANG_WARN_EMPTY_BODY = YES;
				CLANG_WARN_ENUM_CONVERSION = YES;
				CLANG_WARN_INFINITE_RECURSION = YES;
				CLANG_WARN_INT_CONVERSION = YES;
				CLANG_WARN_NON_LITERAL_NULL_CONVERSION = YES;
				CLANG_WARN_OBJC_IMPLICIT_RETAIN_SELF = YES;
				CLANG_WARN_OBJC_LITERAL_CONVERSION = YES;
				CLANG_WARN_OBJC_ROOT_CLASS = YES_ERROR;
				CLANG_WARN_RANGE_LOOP_ANALYSIS = YES;
				CLANG_WARN_STRICT_PROTOTYPES = YES;
				CLANG_WARN_SUSPICIOUS_MOVE = YES;
				CLANG_WARN_UNGUARDED_AVAILABILITY = YES_AGGRESSIVE;
				CLANG_WARN_UNREACHABLE_CODE = YES;
				CLANG_WARN__DUPLICATE_METHOD_MATCH = YES;
				CODE_SIGN_IDENTITY = "iPhone Developer";
				COPY_PHASE_STRIP = NO;
				DEBUG_INFORMATION_FORMAT = "dwarf-with-dsym";
				ENABLE_NS_ASSERTIONS = NO;
				ENABLE_STRICT_OBJC_MSGSEND = YES;
				GCC_C_LANGUAGE_STANDARD = gnu11;
				GCC_NO_COMMON_BLOCKS = YES;
				GCC_WARN_64_TO_32_BIT_CONVERSION = YES;
				GCC_WARN_ABOUT_RETURN_TYPE = YES_ERROR;
				GCC_WARN_UNDECLARED_SELECTOR = YES;
				GCC_WARN_UNINITIALIZED_AUTOS = YES_AGGRESSIVE;
				GCC_WARN_UNUSED_FUNCTION = YES;
				GCC_WARN_UNUSED_VARIABLE = YES;
				IPHONEOS_DEPLOYMENT_TARGET = 11.3;
				MTL_ENABLE_DEBUG_INFO = NO;
				SDKROOT = iphoneos;
				SWIFT_COMPILATION_MODE = wholemodule;
				SWIFT_OPTIMIZATION_LEVEL = "-O";
				VALIDATE_PRODUCT = YES;
			};
			name = Release;
		};
		3C71FC3820A7277200C7D0B2 /* Debug */ = {
			isa = XCBuildConfiguration;
			buildSettings = {
				ASSETCATALOG_COMPILER_APPICON_NAME = AppIcon;
				CODE_SIGN_STYLE = Automatic;
				INFOPLIST_FILE = Movies/Info.plist;
				LD_RUNPATH_SEARCH_PATHS = (
					"$(inherited)",
					"@executable_path/Frameworks",
				);
				PRODUCT_BUNDLE_IDENTIFIER = vm.Movies;
				PRODUCT_NAME = "$(TARGET_NAME)";
				SWIFT_VERSION = 4.0;
				TARGETED_DEVICE_FAMILY = "1,2";
			};
			name = Debug;
		};
		3C71FC3920A7277200C7D0B2 /* Release */ = {
			isa = XCBuildConfiguration;
			buildSettings = {
				ASSETCATALOG_COMPILER_APPICON_NAME = AppIcon;
				CODE_SIGN_STYLE = Automatic;
				INFOPLIST_FILE = Movies/Info.plist;
				LD_RUNPATH_SEARCH_PATHS = (
					"$(inherited)",
					"@executable_path/Frameworks",
				);
				PRODUCT_BUNDLE_IDENTIFIER = vm.Movies;
				PRODUCT_NAME = "$(TARGET_NAME)";
				SWIFT_VERSION = 4.0;
				TARGETED_DEVICE_FAMILY = "1,2";
			};
			name = Release;
		};
/* End XCBuildConfiguration section */

/* Begin XCConfigurationList section */
		3C71FC1D20A7276500C7D0B2 /* Build configuration list for PBXProject "Movies" */ = {
			isa = XCConfigurationList;
			buildConfigurations = (
				3C71FC3520A7277200C7D0B2 /* Debug */,
				3C71FC3620A7277200C7D0B2 /* Release */,
			);
			defaultConfigurationIsVisible = 0;
			defaultConfigurationName = Release;
		};
		3C71FC3720A7277200C7D0B2 /* Build configuration list for PBXNativeTarget "Movies" */ = {
			isa = XCConfigurationList;
			buildConfigurations = (
				3C71FC3820A7277200C7D0B2 /* Debug */,
				3C71FC3920A7277200C7D0B2 /* Release */,
			);
			defaultConfigurationIsVisible = 0;
			defaultConfigurationName = Release;
		};
/* End XCConfigurationList section */
	};
	rootObject = 3C71FC1A20A7276500C7D0B2 /* Project object */;
}
